
Microsoft Visual Studio Solution File, Format Version 12.00
# Visual Studio Version 16
VisualStudioVersion = 16.0.31515.178
MinimumVisualStudioVersion = 10.0.40219.1
Project("{9A19103F-16F7-4668-BE54-9A1E7A4F7556}") = "ClinicaFormsApp", "ClinicaFormsApp\ClinicaFormsApp.csproj", "{363E95A8-E79A-4BE3-8A38-BBD5FFD8F538}"
EndProject
Project("{FAE04EC0-301F-11D3-BF4B-00C04F79EFBC}") = "Clinica.bl", "Clinica.bl\Clinica.bl.csproj", "{B4C1A77C-F169-4E57-A349-6CD133E7B3D7}"
EndProject
Project("{2150E333-8FDC-42A3-9474-1A3956D46DE8}") = "Tests", "Tests", "{1F8A809C-1CDE-4DD2-911D-8E1CE2E88824}"
EndProject
Project("{FAE04EC0-301F-11D3-BF4B-00C04F79EFBC}") = "Clinic.blTest", "Clinic.blTest\Clinic.blTest.csproj", "{D87A22D2-9ED2-4518-8B05-5EE41E11DC51}"
EndProject
Global
	GlobalSection(SolutionConfigurationPlatforms) = preSolution
		Debug|Any CPU = Debug|Any CPU
		Release|Any CPU = Release|Any CPU
	EndGlobalSection
	GlobalSection(ProjectConfigurationPlatforms) = postSolution
		{363E95A8-E79A-4BE3-8A38-BBD5FFD8F538}.Debug|Any CPU.ActiveCfg = Debug|Any CPU
		{363E95A8-E79A-4BE3-8A38-BBD5FFD8F538}.Debug|Any CPU.Build.0 = Debug|Any CPU
		{363E95A8-E79A-4BE3-8A38-BBD5FFD8F538}.Release|Any CPU.ActiveCfg = Release|Any CPU
		{363E95A8-E79A-4BE3-8A38-BBD5FFD8F538}.Release|Any CPU.Build.0 = Release|Any CPU
		{B4C1A77C-F169-4E57-A349-6CD133E7B3D7}.Debug|Any CPU.ActiveCfg = Debug|Any CPU
		{B4C1A77C-F169-4E57-A349-6CD133E7B3D7}.Debug|Any CPU.Build.0 = Debug|Any CPU
		{B4C1A77C-F169-4E57-A349-6CD133E7B3D7}.Release|Any CPU.ActiveCfg = Release|Any CPU
		{B4C1A77C-F169-4E57-A349-6CD133E7B3D7}.Release|Any CPU.Build.0 = Release|Any CPU
		{D87A22D2-9ED2-4518-8B05-5EE41E11DC51}.Debug|Any CPU.ActiveCfg = Debug|Any CPU
		{D87A22D2-9ED2-4518-8B05-5EE41E11DC51}.Debug|Any CPU.Build.0 = Debug|Any CPU
		{D87A22D2-9ED2-4518-8B05-5EE41E11DC51}.Release|Any CPU.ActiveCfg = Release|Any CPU
		{D87A22D2-9ED2-4518-8B05-5EE41E11DC51}.Release|Any CPU.Build.0 = Release|Any CPU
	EndGlobalSection
	GlobalSection(SolutionProperties) = preSolution
		HideSolutionNode = FALSE
	EndGlobalSection
	GlobalSection(NestedProjects) = preSolution
		{D87A22D2-9ED2-4518-8B05-5EE41E11DC51} = {1F8A809C-1CDE-4DD2-911D-8E1CE2E88824}
	EndGlobalSection
	GlobalSection(ExtensibilityGlobals) = postSolution
		SolutionGuid = {1C1F8C09-750B-470D-B101-419FE9509DCF}
	EndGlobalSection
EndGlobal
